// !$*UTF8*$!
{
	archiveVersion = 1;
	classes = {
	};
	objectVersion = 55;
	objects = {

/* Begin PBXBuildFile section */
		18125FBE2975541000E1228F /* LoadMoreCell.swift in Sources */ = {isa = PBXBuildFile; fileRef = 18125FBC2975540F00E1228F /* LoadMoreCell.swift */; };
		18125FBF2975541000E1228F /* LoadMoreCell.xib in Resources */ = {isa = PBXBuildFile; fileRef = 18125FBD2975541000E1228F /* LoadMoreCell.xib */; };
		1813FABA299658C900D98B0C /* News_json.txt in Resources */ = {isa = PBXBuildFile; fileRef = 1813FAB6299658C900D98B0C /* News_json.txt */; };
		1813FABB299658C900D98B0C /* ParseJSON.swift in Sources */ = {isa = PBXBuildFile; fileRef = 1813FAB7299658C900D98B0C /* ParseJSON.swift */; };
		1813FABC299658C900D98B0C /* ModelData.swift in Sources */ = {isa = PBXBuildFile; fileRef = 1813FAB8299658C900D98B0C /* ModelData.swift */; };
		1813FABF299687DD00D98B0C /* CategoryDatabase.swift in Sources */ = {isa = PBXBuildFile; fileRef = 1813FABE299687DD00D98B0C /* CategoryDatabase.swift */; };
		1818C03129713F5000F32969 /* ParseXML_VNExpress.swift in Sources */ = {isa = PBXBuildFile; fileRef = 1818C03029713F5000F32969 /* ParseXML_VNExpress.swift */; };
		1818C35C296D775F0075C902 /* SeenScreen.swift in Sources */ = {isa = PBXBuildFile; fileRef = 1818C35B296D775F0075C902 /* SeenScreen.swift */; };
		18222AD62988E6A500F4DE87 /* Register.swift in Sources */ = {isa = PBXBuildFile; fileRef = 18222AD52988E6A500F4DE87 /* Register.swift */; };
		18222AD92989052700F4DE87 /* GoogleSignIn in Frameworks */ = {isa = PBXBuildFile; productRef = 18222AD82989052700F4DE87 /* GoogleSignIn */; };
		1828C0CA2993F0A3001E1F2D /* MenuCell2.xib in Resources */ = {isa = PBXBuildFile; fileRef = 1828C0C82993F0A3001E1F2D /* MenuCell2.xib */; };
		182E25FB2965309D0016342D /* DisplayNewsScreen.swift in Sources */ = {isa = PBXBuildFile; fileRef = 182E25FA2965309D0016342D /* DisplayNewsScreen.swift */; };
		182E25FD296531290016342D /* SortCategoryTuoiTre.swift in Sources */ = {isa = PBXBuildFile; fileRef = 182E25FC296531290016342D /* SortCategoryTuoiTre.swift */; };
		182E25FF296531820016342D /* ListTittleCell.swift in Sources */ = {isa = PBXBuildFile; fileRef = 182E25FE296531820016342D /* ListTittleCell.swift */; };
		182E2601296531BE0016342D /* ListNewsCell.swift in Sources */ = {isa = PBXBuildFile; fileRef = 182E2600296531BE0016342D /* ListNewsCell.swift */; };
		182E2605296534C30016342D /* ListTitleCell.xib in Resources */ = {isa = PBXBuildFile; fileRef = 182E2603296534C30016342D /* ListTitleCell.xib */; };
		182E2608296552F20016342D /* FavouriteScreen.swift in Sources */ = {isa = PBXBuildFile; fileRef = 182E2607296552F20016342D /* FavouriteScreen.swift */; };
		1832650A29767E2E00815E42 /* FacebookLogin in Frameworks */ = {isa = PBXBuildFile; productRef = 1832650929767E2E00815E42 /* FacebookLogin */; };
		1836BC75295DD3BE005F99EC /* ParseXML_TuoiTre.swift in Sources */ = {isa = PBXBuildFile; fileRef = 1836BC74295DD3BE005F99EC /* ParseXML_TuoiTre.swift */; };
		1836BC77295DD3E6005F99EC /* News.swift in Sources */ = {isa = PBXBuildFile; fileRef = 1836BC76295DD3E6005F99EC /* News.swift */; };
		183D23792964357B001583E5 /* FMDB in Frameworks */ = {isa = PBXBuildFile; productRef = 183D23782964357B001583E5 /* FMDB */; };
		183D237D29643786001583E5 /* Users.swift in Sources */ = {isa = PBXBuildFile; fileRef = 183D237C29643786001583E5 /* Users.swift */; };
		183D237F296438FE001583E5 /* DatabaseManager.swift in Sources */ = {isa = PBXBuildFile; fileRef = 183D237E296438FE001583E5 /* DatabaseManager.swift */; };
		184A197D29597BDD006201FD /* GoogleService-Info.plist in Resources */ = {isa = PBXBuildFile; fileRef = 184A197C29597BDD006201FD /* GoogleService-Info.plist */; };
		184A1984295982A2006201FD /* AuthManager.swift in Sources */ = {isa = PBXBuildFile; fileRef = 184A1983295982A2006201FD /* AuthManager.swift */; };
		184A198729598893006201FD /* FirebaseAuth in Frameworks */ = {isa = PBXBuildFile; productRef = 184A198629598893006201FD /* FirebaseAuth */; };
		1852257A29652AA70014E4CF /* CategoryTuoiTreCell.swift in Sources */ = {isa = PBXBuildFile; fileRef = 1852257929652AA70014E4CF /* CategoryTuoiTreCell.swift */; };
		1852257E29652E060014E4CF /* TuoiTreScreen.swift in Sources */ = {isa = PBXBuildFile; fileRef = 1852257D29652E060014E4CF /* TuoiTreScreen.swift */; };
		186453AF296EBBF90051FA08 /* Language.swift in Sources */ = {isa = PBXBuildFile; fileRef = 186453AE296EBBF90051FA08 /* Language.swift */; };
		186B4DCB29933048006D1B7F /* MainViewController.swift in Sources */ = {isa = PBXBuildFile; fileRef = 186B4DC429933048006D1B7F /* MainViewController.swift */; };
		187D9784297014F000F8DBE5 /* Localizable.strings in Resources */ = {isa = PBXBuildFile; fileRef = 187D9786297014F000F8DBE5 /* Localizable.strings */; };
		187D97892970164900F8DBE5 /* LocalizedString.swift in Sources */ = {isa = PBXBuildFile; fileRef = 187D97882970164900F8DBE5 /* LocalizedString.swift */; };
		187E3889295C189D0043FDC8 /* SideMenu.swift in Sources */ = {isa = PBXBuildFile; fileRef = 187E3888295C189D0043FDC8 /* SideMenu.swift */; };
		187E388B295C18CA0043FDC8 /* MenuCell.swift in Sources */ = {isa = PBXBuildFile; fileRef = 187E388A295C18CA0043FDC8 /* MenuCell.swift */; };
		1881AC3E29ACACF700652051 /* ParseXML_TienPhong.swift in Sources */ = {isa = PBXBuildFile; fileRef = 1881AC3D29ACACF700652051 /* ParseXML_TienPhong.swift */; };
		18869EA92977A8C800A10680 /* DeleteAcc.swift in Sources */ = {isa = PBXBuildFile; fileRef = 18869EA82977A8C800A10680 /* DeleteAcc.swift */; };
		18C1AA2A29540890001C86BC /* AppDelegate.swift in Sources */ = {isa = PBXBuildFile; fileRef = 18C1AA2929540890001C86BC /* AppDelegate.swift */; };
		18C1AA2C29540890001C86BC /* SceneDelegate.swift in Sources */ = {isa = PBXBuildFile; fileRef = 18C1AA2B29540890001C86BC /* SceneDelegate.swift */; };
		18C1AA3129540890001C86BC /* Main.storyboard in Resources */ = {isa = PBXBuildFile; fileRef = 18C1AA2F29540890001C86BC /* Main.storyboard */; };
		18C1AA3329540892001C86BC /* Assets.xcassets in Resources */ = {isa = PBXBuildFile; fileRef = 18C1AA3229540892001C86BC /* Assets.xcassets */; };
		18C1AA3629540892001C86BC /* LaunchScreen.storyboard in Resources */ = {isa = PBXBuildFile; fileRef = 18C1AA3429540892001C86BC /* LaunchScreen.storyboard */; };
		18C1AA3F2954091B001C86BC /* LoginScreen.swift in Sources */ = {isa = PBXBuildFile; fileRef = 18C1AA3E2954091B001C86BC /* LoginScreen.swift */; };
		18C1AA41295433E6001C86BC /* RegisterScreen.swift in Sources */ = {isa = PBXBuildFile; fileRef = 18C1AA40295433E6001C86BC /* RegisterScreen.swift */; };
/* End PBXBuildFile section */

/* Begin PBXFileReference section */
		18125FBC2975540F00E1228F /* LoadMoreCell.swift */ = {isa = PBXFileReference; lastKnownFileType = sourcecode.swift; path = LoadMoreCell.swift; sourceTree = "<group>"; };
		18125FBD2975541000E1228F /* LoadMoreCell.xib */ = {isa = PBXFileReference; lastKnownFileType = file.xib; path = LoadMoreCell.xib; sourceTree = "<group>"; };
		1813FAB6299658C900D98B0C /* News_json.txt */ = {isa = PBXFileReference; fileEncoding = 4; lastKnownFileType = text; path = News_json.txt; sourceTree = "<group>"; };
		1813FAB7299658C900D98B0C /* ParseJSON.swift */ = {isa = PBXFileReference; fileEncoding = 4; lastKnownFileType = sourcecode.swift; path = ParseJSON.swift; sourceTree = "<group>"; };
		1813FAB8299658C900D98B0C /* ModelData.swift */ = {isa = PBXFileReference; fileEncoding = 4; lastKnownFileType = sourcecode.swift; path = ModelData.swift; sourceTree = "<group>"; };
		1813FABE299687DD00D98B0C /* CategoryDatabase.swift */ = {isa = PBXFileReference; lastKnownFileType = sourcecode.swift; path = CategoryDatabase.swift; sourceTree = "<group>"; };
		1818C03029713F5000F32969 /* ParseXML_VNExpress.swift */ = {isa = PBXFileReference; lastKnownFileType = sourcecode.swift; path = ParseXML_VNExpress.swift; sourceTree = "<group>"; };
		1818C35B296D775F0075C902 /* SeenScreen.swift */ = {isa = PBXFileReference; lastKnownFileType = sourcecode.swift; path = SeenScreen.swift; sourceTree = "<group>"; };
		18222AD52988E6A500F4DE87 /* Register.swift */ = {isa = PBXFileReference; lastKnownFileType = sourcecode.swift; path = Register.swift; sourceTree = "<group>"; };
		1828C0C82993F0A3001E1F2D /* MenuCell2.xib */ = {isa = PBXFileReference; lastKnownFileType = file.xib; path = MenuCell2.xib; sourceTree = "<group>"; };
		182D691C2987C185008D3A01 /* HotNew24h.entitlements */ = {isa = PBXFileReference; lastKnownFileType = text.plist.entitlements; path = HotNew24h.entitlements; sourceTree = "<group>"; };
		182E25FA2965309D0016342D /* DisplayNewsScreen.swift */ = {isa = PBXFileReference; lastKnownFileType = sourcecode.swift; path = DisplayNewsScreen.swift; sourceTree = "<group>"; };
		182E25FC296531290016342D /* SortCategoryTuoiTre.swift */ = {isa = PBXFileReference; lastKnownFileType = sourcecode.swift; path = SortCategoryTuoiTre.swift; sourceTree = "<group>"; };
		182E25FE296531820016342D /* ListTittleCell.swift */ = {isa = PBXFileReference; lastKnownFileType = sourcecode.swift; path = ListTittleCell.swift; sourceTree = "<group>"; };
		182E2600296531BE0016342D /* ListNewsCell.swift */ = {isa = PBXFileReference; lastKnownFileType = sourcecode.swift; path = ListNewsCell.swift; sourceTree = "<group>"; };
		182E2603296534C30016342D /* ListTitleCell.xib */ = {isa = PBXFileReference; lastKnownFileType = file.xib; path = ListTitleCell.xib; sourceTree = "<group>"; };
		182E2607296552F20016342D /* FavouriteScreen.swift */ = {isa = PBXFileReference; lastKnownFileType = sourcecode.swift; path = FavouriteScreen.swift; sourceTree = "<group>"; };
		1836BC74295DD3BE005F99EC /* ParseXML_TuoiTre.swift */ = {isa = PBXFileReference; lastKnownFileType = sourcecode.swift; path = ParseXML_TuoiTre.swift; sourceTree = "<group>"; };
		1836BC76295DD3E6005F99EC /* News.swift */ = {isa = PBXFileReference; lastKnownFileType = sourcecode.swift; path = News.swift; sourceTree = "<group>"; };
		183D237C29643786001583E5 /* Users.swift */ = {isa = PBXFileReference; lastKnownFileType = sourcecode.swift; path = Users.swift; sourceTree = "<group>"; };
		183D237E296438FE001583E5 /* DatabaseManager.swift */ = {isa = PBXFileReference; lastKnownFileType = sourcecode.swift; path = DatabaseManager.swift; sourceTree = "<group>"; };
		184A197C29597BDD006201FD /* GoogleService-Info.plist */ = {isa = PBXFileReference; fileEncoding = 4; lastKnownFileType = text.plist.xml; path = "GoogleService-Info.plist"; sourceTree = "<group>"; };
		184A1983295982A2006201FD /* AuthManager.swift */ = {isa = PBXFileReference; lastKnownFileType = sourcecode.swift; path = AuthManager.swift; sourceTree = "<group>"; };
		1852257929652AA70014E4CF /* CategoryTuoiTreCell.swift */ = {isa = PBXFileReference; lastKnownFileType = sourcecode.swift; path = CategoryTuoiTreCell.swift; sourceTree = "<group>"; };
		1852257D29652E060014E4CF /* TuoiTreScreen.swift */ = {isa = PBXFileReference; lastKnownFileType = sourcecode.swift; path = TuoiTreScreen.swift; sourceTree = "<group>"; };
		186453AE296EBBF90051FA08 /* Language.swift */ = {isa = PBXFileReference; lastKnownFileType = sourcecode.swift; path = Language.swift; sourceTree = "<group>"; };
		186B4DC429933048006D1B7F /* MainViewController.swift */ = {isa = PBXFileReference; fileEncoding = 4; lastKnownFileType = sourcecode.swift; path = MainViewController.swift; sourceTree = "<group>"; };
		187D9785297014F000F8DBE5 /* en */ = {isa = PBXFileReference; lastKnownFileType = text.plist.strings; name = en; path = en.lproj/Localizable.strings; sourceTree = "<group>"; };
		187D97872970154C00F8DBE5 /* vi */ = {isa = PBXFileReference; lastKnownFileType = text.plist.strings; name = vi; path = vi.lproj/Localizable.strings; sourceTree = "<group>"; };
		187D97882970164900F8DBE5 /* LocalizedString.swift */ = {isa = PBXFileReference; lastKnownFileType = sourcecode.swift; path = LocalizedString.swift; sourceTree = "<group>"; };
		187E3888295C189D0043FDC8 /* SideMenu.swift */ = {isa = PBXFileReference; lastKnownFileType = sourcecode.swift; path = SideMenu.swift; sourceTree = "<group>"; };
		187E388A295C18CA0043FDC8 /* MenuCell.swift */ = {isa = PBXFileReference; lastKnownFileType = sourcecode.swift; path = MenuCell.swift; sourceTree = "<group>"; };
		1881AC3D29ACACF700652051 /* ParseXML_TienPhong.swift */ = {isa = PBXFileReference; lastKnownFileType = sourcecode.swift; path = ParseXML_TienPhong.swift; sourceTree = "<group>"; };
		18869EA82977A8C800A10680 /* DeleteAcc.swift */ = {isa = PBXFileReference; lastKnownFileType = sourcecode.swift; path = DeleteAcc.swift; sourceTree = "<group>"; };
		18C1AA2629540890001C86BC /* HotNew24h.app */ = {isa = PBXFileReference; explicitFileType = wrapper.application; includeInIndex = 0; path = HotNew24h.app; sourceTree = BUILT_PRODUCTS_DIR; };
		18C1AA2929540890001C86BC /* AppDelegate.swift */ = {isa = PBXFileReference; lastKnownFileType = sourcecode.swift; path = AppDelegate.swift; sourceTree = "<group>"; };
		18C1AA2B29540890001C86BC /* SceneDelegate.swift */ = {isa = PBXFileReference; lastKnownFileType = sourcecode.swift; path = SceneDelegate.swift; sourceTree = "<group>"; };
		18C1AA3029540890001C86BC /* Base */ = {isa = PBXFileReference; lastKnownFileType = file.storyboard; name = Base; path = Base.lproj/Main.storyboard; sourceTree = "<group>"; };
		18C1AA3229540892001C86BC /* Assets.xcassets */ = {isa = PBXFileReference; lastKnownFileType = folder.assetcatalog; path = Assets.xcassets; sourceTree = "<group>"; };
		18C1AA3529540892001C86BC /* Base */ = {isa = PBXFileReference; lastKnownFileType = file.storyboard; name = Base; path = Base.lproj/LaunchScreen.storyboard; sourceTree = "<group>"; };
		18C1AA3729540892001C86BC /* Info.plist */ = {isa = PBXFileReference; lastKnownFileType = text.plist.xml; path = Info.plist; sourceTree = "<group>"; };
		18C1AA3E2954091B001C86BC /* LoginScreen.swift */ = {isa = PBXFileReference; lastKnownFileType = sourcecode.swift; path = LoginScreen.swift; sourceTree = "<group>"; };
		18C1AA40295433E6001C86BC /* RegisterScreen.swift */ = {isa = PBXFileReference; lastKnownFileType = sourcecode.swift; path = RegisterScreen.swift; sourceTree = "<group>"; };
		18F12FD1298BB1710065A9FF /* HotNew24hDebug.entitlements */ = {isa = PBXFileReference; lastKnownFileType = text.plist.entitlements; path = HotNew24hDebug.entitlements; sourceTree = "<group>"; };
/* End PBXFileReference section */

/* Begin PBXFrameworksBuildPhase section */
		18C1AA2329540890001C86BC /* Frameworks */ = {
			isa = PBXFrameworksBuildPhase;
			buildActionMask = 2147483647;
			files = (
				18222AD92989052700F4DE87 /* GoogleSignIn in Frameworks */,
				184A198729598893006201FD /* FirebaseAuth in Frameworks */,
				183D23792964357B001583E5 /* FMDB in Frameworks */,
				1832650A29767E2E00815E42 /* FacebookLogin in Frameworks */,
			);
			runOnlyForDeploymentPostprocessing = 0;
		};
/* End PBXFrameworksBuildPhase section */

/* Begin PBXGroup section */
		1813FAB5299658C900D98B0C /* ReadJSON */ = {
			isa = PBXGroup;
			children = (
				1813FAB6299658C900D98B0C /* News_json.txt */,
				1813FAB7299658C900D98B0C /* ParseJSON.swift */,
				1813FAB8299658C900D98B0C /* ModelData.swift */,
			);
			path = ReadJSON;
			sourceTree = "<group>";
		};
		1818C35A296D77490075C902 /* Seen */ = {
			isa = PBXGroup;
			children = (
				1818C35B296D775F0075C902 /* SeenScreen.swift */,
			);
			path = Seen;
			sourceTree = "<group>";
		};
		182E2606296536A40016342D /* Favourite */ = {
			isa = PBXGroup;
			children = (
				182E2607296552F20016342D /* FavouriteScreen.swift */,
			);
			path = Favourite;
			sourceTree = "<group>";
		};
		1836BC73295DD3A2005F99EC /* ParseXML */ = {
			isa = PBXGroup;
			children = (
				1836BC74295DD3BE005F99EC /* ParseXML_TuoiTre.swift */,
				1818C03029713F5000F32969 /* ParseXML_VNExpress.swift */,
				1881AC3D29ACACF700652051 /* ParseXML_TienPhong.swift */,
				1836BC76295DD3E6005F99EC /* News.swift */,
			);
			path = ParseXML;
			sourceTree = "<group>";
		};
		183D237B29643772001583E5 /* SQLiteDatabase */ = {
			isa = PBXGroup;
			children = (
				183D237C29643786001583E5 /* Users.swift */,
				183D237E296438FE001583E5 /* DatabaseManager.swift */,
				1813FABE299687DD00D98B0C /* CategoryDatabase.swift */,
			);
			path = SQLiteDatabase;
			sourceTree = "<group>";
		};
		184A198529598893006201FD /* Frameworks */ = {
			isa = PBXGroup;
			children = (
			);
			name = Frameworks;
			sourceTree = "<group>";
		};
		1852257829652A770014E4CF /* TuoiTre */ = {
			isa = PBXGroup;
			children = (
				1852257929652AA70014E4CF /* CategoryTuoiTreCell.swift */,
				1852257D29652E060014E4CF /* TuoiTreScreen.swift */,
				182E25FA2965309D0016342D /* DisplayNewsScreen.swift */,
				182E25FC296531290016342D /* SortCategoryTuoiTre.swift */,
				182E25FE296531820016342D /* ListTittleCell.swift */,
				182E2600296531BE0016342D /* ListNewsCell.swift */,
				182E2603296534C30016342D /* ListTitleCell.xib */,
				18125FBC2975540F00E1228F /* LoadMoreCell.swift */,
				18125FBD2975541000E1228F /* LoadMoreCell.xib */,
			);
			path = TuoiTre;
			sourceTree = "<group>";
		};
		1863FD192978DCDD0014AF15 /* AppStart */ = {
			isa = PBXGroup;
			children = (
				182D691C2987C185008D3A01 /* HotNew24h.entitlements */,
				18C1AA2929540890001C86BC /* AppDelegate.swift */,
				18C1AA2B29540890001C86BC /* SceneDelegate.swift */,
				18C1AA2F29540890001C86BC /* Main.storyboard */,
				18C1AA3429540892001C86BC /* LaunchScreen.storyboard */,
			);
			path = AppStart;
			sourceTree = "<group>";
		};
		186453AD296EBBD90051FA08 /* Settings */ = {
			isa = PBXGroup;
			children = (
				186453AE296EBBF90051FA08 /* Language.swift */,
				187D97882970164900F8DBE5 /* LocalizedString.swift */,
				187D9786297014F000F8DBE5 /* Localizable.strings */,
			);
			path = Settings;
			sourceTree = "<group>";
		};
		187E3883295C17D80043FDC8 /* SideMenu */ = {
			isa = PBXGroup;
			children = (
				186B4DC429933048006D1B7F /* MainViewController.swift */,
				187E3888295C189D0043FDC8 /* SideMenu.swift */,
				187E388A295C18CA0043FDC8 /* MenuCell.swift */,
				1828C0C82993F0A3001E1F2D /* MenuCell2.xib */,
			);
			path = SideMenu;
			sourceTree = "<group>";
		};
		18869EA72977A89D00A10680 /* DeleteAccount */ = {
			isa = PBXGroup;
			children = (
				18869EA82977A8C800A10680 /* DeleteAcc.swift */,
			);
			path = DeleteAccount;
			sourceTree = "<group>";
		};
		18C1AA1D2954088F001C86BC = {
			isa = PBXGroup;
			children = (
				18C1AA2829540890001C86BC /* HotNew24h */,
				18C1AA2729540890001C86BC /* Products */,
				184A198529598893006201FD /* Frameworks */,
			);
			sourceTree = "<group>";
		};
		18C1AA2729540890001C86BC /* Products */ = {
			isa = PBXGroup;
			children = (
				18C1AA2629540890001C86BC /* HotNew24h.app */,
			);
			name = Products;
			sourceTree = "<group>";
		};
		18C1AA2829540890001C86BC /* HotNew24h */ = {
			isa = PBXGroup;
			children = (
				18F12FD1298BB1710065A9FF /* HotNew24hDebug.entitlements */,
				1813FAB5299658C900D98B0C /* ReadJSON */,
				1863FD192978DCDD0014AF15 /* AppStart */,
				18869EA72977A89D00A10680 /* DeleteAccount */,
				186453AD296EBBD90051FA08 /* Settings */,
				1818C35A296D77490075C902 /* Seen */,
				182E2606296536A40016342D /* Favourite */,
				1852257829652A770014E4CF /* TuoiTre */,
				183D237B29643772001583E5 /* SQLiteDatabase */,
				1836BC73295DD3A2005F99EC /* ParseXML */,
				187E3883295C17D80043FDC8 /* SideMenu */,
				18C1AA3D295408F9001C86BC /* LoginRegister */,
				18C1AA3229540892001C86BC /* Assets.xcassets */,
				18C1AA3729540892001C86BC /* Info.plist */,
			);
			path = HotNew24h;
			sourceTree = "<group>";
		};
		18C1AA3D295408F9001C86BC /* LoginRegister */ = {
			isa = PBXGroup;
			children = (
				18C1AA3E2954091B001C86BC /* LoginScreen.swift */,
				18C1AA40295433E6001C86BC /* RegisterScreen.swift */,
				184A1983295982A2006201FD /* AuthManager.swift */,
				18222AD52988E6A500F4DE87 /* Register.swift */,
				184A197C29597BDD006201FD /* GoogleService-Info.plist */,
			);
			path = LoginRegister;
			sourceTree = "<group>";
		};
/* End PBXGroup section */

/* Begin PBXNativeTarget section */
		18C1AA2529540890001C86BC /* HotNew24h */ = {
			isa = PBXNativeTarget;
			buildConfigurationList = 18C1AA3A29540892001C86BC /* Build configuration list for PBXNativeTarget "HotNew24h" */;
			buildPhases = (
				18C1AA2229540890001C86BC /* Sources */,
				18C1AA2329540890001C86BC /* Frameworks */,
				18C1AA2429540890001C86BC /* Resources */,
			);
			buildRules = (
			);
			dependencies = (
			);
			name = HotNew24h;
			packageProductDependencies = (
				184A198629598893006201FD /* FirebaseAuth */,
				183D23782964357B001583E5 /* FMDB */,
				1832650929767E2E00815E42 /* FacebookLogin */,
				18222AD82989052700F4DE87 /* GoogleSignIn */,
			);
			productName = HotNew24h;
			productReference = 18C1AA2629540890001C86BC /* HotNew24h.app */;
			productType = "com.apple.product-type.application";
		};
/* End PBXNativeTarget section */

/* Begin PBXProject section */
		18C1AA1E2954088F001C86BC /* Project object */ = {
			isa = PBXProject;
			attributes = {
				BuildIndependentTargetsInParallel = 1;
				LastSwiftUpdateCheck = 1320;
				LastUpgradeCheck = 1320;
				TargetAttributes = {
					18C1AA2529540890001C86BC = {
						CreatedOnToolsVersion = 13.2.1;
					};
				};
			};
			buildConfigurationList = 18C1AA212954088F001C86BC /* Build configuration list for PBXProject "HotNew24h" */;
			compatibilityVersion = "Xcode 13.0";
			developmentRegion = en;
			hasScannedForEncodings = 0;
			knownRegions = (
				en,
				Base,
				vi,
			);
			mainGroup = 18C1AA1D2954088F001C86BC;
			packageReferences = (
				184A197E29597CD5006201FD /* XCRemoteSwiftPackageReference "firebase-ios-sdk" */,
				183D23772964357A001583E5 /* XCRemoteSwiftPackageReference "fmdb" */,
				1832650829767E2D00815E42 /* XCRemoteSwiftPackageReference "facebook-ios-sdk" */,
				18222AD72989052700F4DE87 /* XCRemoteSwiftPackageReference "GoogleSignIn-iOS" */,
			);
			productRefGroup = 18C1AA2729540890001C86BC /* Products */;
			projectDirPath = "";
			projectRoot = "";
			targets = (
				18C1AA2529540890001C86BC /* HotNew24h */,
			);
		};
/* End PBXProject section */

/* Begin PBXResourcesBuildPhase section */
		18C1AA2429540890001C86BC /* Resources */ = {
			isa = PBXResourcesBuildPhase;
			buildActionMask = 2147483647;
			files = (
				18C1AA3629540892001C86BC /* LaunchScreen.storyboard in Resources */,
				187D9784297014F000F8DBE5 /* Localizable.strings in Resources */,
				18125FBF2975541000E1228F /* LoadMoreCell.xib in Resources */,
				184A197D29597BDD006201FD /* GoogleService-Info.plist in Resources */,
				1813FABA299658C900D98B0C /* News_json.txt in Resources */,
				18C1AA3329540892001C86BC /* Assets.xcassets in Resources */,
				1828C0CA2993F0A3001E1F2D /* MenuCell2.xib in Resources */,
				18C1AA3129540890001C86BC /* Main.storyboard in Resources */,
				182E2605296534C30016342D /* ListTitleCell.xib in Resources */,
			);
			runOnlyForDeploymentPostprocessing = 0;
		};
/* End PBXResourcesBuildPhase section */

/* Begin PBXSourcesBuildPhase section */
		18C1AA2229540890001C86BC /* Sources */ = {
			isa = PBXSourcesBuildPhase;
			buildActionMask = 2147483647;
			files = (
				18125FBE2975541000E1228F /* LoadMoreCell.swift in Sources */,
				1852257E29652E060014E4CF /* TuoiTreScreen.swift in Sources */,
				1813FABF299687DD00D98B0C /* CategoryDatabase.swift in Sources */,
				182E2608296552F20016342D /* FavouriteScreen.swift in Sources */,
				187D97892970164900F8DBE5 /* LocalizedString.swift in Sources */,
				18C1AA41295433E6001C86BC /* RegisterScreen.swift in Sources */,
				186453AF296EBBF90051FA08 /* Language.swift in Sources */,
				1813FABC299658C900D98B0C /* ModelData.swift in Sources */,
				182E2601296531BE0016342D /* ListNewsCell.swift in Sources */,
				18C1AA3F2954091B001C86BC /* LoginScreen.swift in Sources */,
				1836BC77295DD3E6005F99EC /* News.swift in Sources */,
				1818C03129713F5000F32969 /* ParseXML_VNExpress.swift in Sources */,
				186B4DCB29933048006D1B7F /* MainViewController.swift in Sources */,
				1813FABB299658C900D98B0C /* ParseJSON.swift in Sources */,
				182E25FB2965309D0016342D /* DisplayNewsScreen.swift in Sources */,
				18222AD62988E6A500F4DE87 /* Register.swift in Sources */,
				182E25FD296531290016342D /* SortCategoryTuoiTre.swift in Sources */,
				183D237F296438FE001583E5 /* DatabaseManager.swift in Sources */,
				187E3889295C189D0043FDC8 /* SideMenu.swift in Sources */,
				183D237D29643786001583E5 /* Users.swift in Sources */,
				1881AC3E29ACACF700652051 /* ParseXML_TienPhong.swift in Sources */,
				18C1AA2A29540890001C86BC /* AppDelegate.swift in Sources */,
				1852257A29652AA70014E4CF /* CategoryTuoiTreCell.swift in Sources */,
				1818C35C296D775F0075C902 /* SeenScreen.swift in Sources */,
				18869EA92977A8C800A10680 /* DeleteAcc.swift in Sources */,
				18C1AA2C29540890001C86BC /* SceneDelegate.swift in Sources */,
				187E388B295C18CA0043FDC8 /* MenuCell.swift in Sources */,
				1836BC75295DD3BE005F99EC /* ParseXML_TuoiTre.swift in Sources */,
				184A1984295982A2006201FD /* AuthManager.swift in Sources */,
				182E25FF296531820016342D /* ListTittleCell.swift in Sources */,
			);
			runOnlyForDeploymentPostprocessing = 0;
		};
/* End PBXSourcesBuildPhase section */

/* Begin PBXVariantGroup section */
		187D9786297014F000F8DBE5 /* Localizable.strings */ = {
			isa = PBXVariantGroup;
			children = (
				187D9785297014F000F8DBE5 /* en */,
				187D97872970154C00F8DBE5 /* vi */,
			);
			name = Localizable.strings;
			sourceTree = "<group>";
		};
		18C1AA2F29540890001C86BC /* Main.storyboard */ = {
			isa = PBXVariantGroup;
			children = (
				18C1AA3029540890001C86BC /* Base */,
			);
			name = Main.storyboard;
			sourceTree = "<group>";
		};
		18C1AA3429540892001C86BC /* LaunchScreen.storyboard */ = {
			isa = PBXVariantGroup;
			children = (
				18C1AA3529540892001C86BC /* Base */,
			);
			name = LaunchScreen.storyboard;
			sourceTree = "<group>";
		};
/* End PBXVariantGroup section */

/* Begin XCBuildConfiguration section */
		18C1AA3829540892001C86BC /* Debug */ = {
			isa = XCBuildConfiguration;
			buildSettings = {
				ALWAYS_SEARCH_USER_PATHS = NO;
				CLANG_ANALYZER_LOCALIZABILITY_NONLOCALIZED = YES;
				CLANG_ANALYZER_NONNULL = YES;
				CLANG_ANALYZER_NUMBER_OBJECT_CONVERSION = YES_AGGRESSIVE;
				CLANG_CXX_LANGUAGE_STANDARD = "gnu++17";
				CLANG_CXX_LIBRARY = "libc++";
				CLANG_ENABLE_MODULES = YES;
				CLANG_ENABLE_OBJC_ARC = YES;
				CLANG_ENABLE_OBJC_WEAK = YES;
				CLANG_WARN_BLOCK_CAPTURE_AUTORELEASING = YES;
				CLANG_WARN_BOOL_CONVERSION = YES;
				CLANG_WARN_COMMA = YES;
				CLANG_WARN_CONSTANT_CONVERSION = YES;
				CLANG_WARN_DEPRECATED_OBJC_IMPLEMENTATIONS = YES;
				CLANG_WARN_DIRECT_OBJC_ISA_USAGE = YES_ERROR;
				CLANG_WARN_DOCUMENTATION_COMMENTS = YES;
				CLANG_WARN_EMPTY_BODY = YES;
				CLANG_WARN_ENUM_CONVERSION = YES;
				CLANG_WARN_INFINITE_RECURSION = YES;
				CLANG_WARN_INT_CONVERSION = YES;
				CLANG_WARN_NON_LITERAL_NULL_CONVERSION = YES;
				CLANG_WARN_OBJC_IMPLICIT_RETAIN_SELF = YES;
				CLANG_WARN_OBJC_LITERAL_CONVERSION = YES;
				CLANG_WARN_OBJC_ROOT_CLASS = YES_ERROR;
				CLANG_WARN_QUOTED_INCLUDE_IN_FRAMEWORK_HEADER = YES;
				CLANG_WARN_RANGE_LOOP_ANALYSIS = YES;
				CLANG_WARN_STRICT_PROTOTYPES = YES;
				CLANG_WARN_SUSPICIOUS_MOVE = YES;
				CLANG_WARN_UNGUARDED_AVAILABILITY = YES_AGGRESSIVE;
				CLANG_WARN_UNREACHABLE_CODE = YES;
				CLANG_WARN__DUPLICATE_METHOD_MATCH = YES;
				COPY_PHASE_STRIP = NO;
				DEBUG_INFORMATION_FORMAT = dwarf;
				ENABLE_STRICT_OBJC_MSGSEND = YES;
				ENABLE_TESTABILITY = YES;
				GCC_C_LANGUAGE_STANDARD = gnu11;
				GCC_DYNAMIC_NO_PIC = NO;
				GCC_NO_COMMON_BLOCKS = YES;
				GCC_OPTIMIZATION_LEVEL = 0;
				GCC_PREPROCESSOR_DEFINITIONS = (
					"DEBUG=1",
					"$(inherited)",
				);
				GCC_WARN_64_TO_32_BIT_CONVERSION = YES;
				GCC_WARN_ABOUT_RETURN_TYPE = YES_ERROR;
				GCC_WARN_UNDECLARED_SELECTOR = YES;
				GCC_WARN_UNINITIALIZED_AUTOS = YES_AGGRESSIVE;
				GCC_WARN_UNUSED_FUNCTION = YES;
				GCC_WARN_UNUSED_VARIABLE = YES;
				IPHONEOS_DEPLOYMENT_TARGET = 15.2;
				MTL_ENABLE_DEBUG_INFO = INCLUDE_SOURCE;
				MTL_FAST_MATH = YES;
				ONLY_ACTIVE_ARCH = YES;
				SDKROOT = iphoneos;
				SWIFT_ACTIVE_COMPILATION_CONDITIONS = DEBUG;
				SWIFT_OPTIMIZATION_LEVEL = "-Onone";
			};
			name = Debug;
		};
		18C1AA3929540892001C86BC /* Release */ = {
			isa = XCBuildConfiguration;
			buildSettings = {
				ALWAYS_SEARCH_USER_PATHS = NO;
				CLANG_ANALYZER_LOCALIZABILITY_NONLOCALIZED = YES;
				CLANG_ANALYZER_NONNULL = YES;
				CLANG_ANALYZER_NUMBER_OBJECT_CONVERSION = YES_AGGRESSIVE;
				CLANG_CXX_LANGUAGE_STANDARD = "gnu++17";
				CLANG_CXX_LIBRARY = "libc++";
				CLANG_ENABLE_MODULES = YES;
				CLANG_ENABLE_OBJC_ARC = YES;
				CLANG_ENABLE_OBJC_WEAK = YES;
				CLANG_WARN_BLOCK_CAPTURE_AUTORELEASING = YES;
				CLANG_WARN_BOOL_CONVERSION = YES;
				CLANG_WARN_COMMA = YES;
				CLANG_WARN_CONSTANT_CONVERSION = YES;
				CLANG_WARN_DEPRECATED_OBJC_IMPLEMENTATIONS = YES;
				CLANG_WARN_DIRECT_OBJC_ISA_USAGE = YES_ERROR;
				CLANG_WARN_DOCUMENTATION_COMMENTS = YES;
				CLANG_WARN_EMPTY_BODY = YES;
				CLANG_WARN_ENUM_CONVERSION = YES;
				CLANG_WARN_INFINITE_RECURSION = YES;
				CLANG_WARN_INT_CONVERSION = YES;
				CLANG_WARN_NON_LITERAL_NULL_CONVERSION = YES;
				CLANG_WARN_OBJC_IMPLICIT_RETAIN_SELF = YES;
				CLANG_WARN_OBJC_LITERAL_CONVERSION = YES;
				CLANG_WARN_OBJC_ROOT_CLASS = YES_ERROR;
				CLANG_WARN_QUOTED_INCLUDE_IN_FRAMEWORK_HEADER = YES;
				CLANG_WARN_RANGE_LOOP_ANALYSIS = YES;
				CLANG_WARN_STRICT_PROTOTYPES = YES;
				CLANG_WARN_SUSPICIOUS_MOVE = YES;
				CLANG_WARN_UNGUARDED_AVAILABILITY = YES_AGGRESSIVE;
				CLANG_WARN_UNREACHABLE_CODE = YES;
				CLANG_WARN__DUPLICATE_METHOD_MATCH = YES;
				COPY_PHASE_STRIP = NO;
				DEBUG_INFORMATION_FORMAT = "dwarf-with-dsym";
				ENABLE_NS_ASSERTIONS = NO;
				ENABLE_STRICT_OBJC_MSGSEND = YES;
				GCC_C_LANGUAGE_STANDARD = gnu11;
				GCC_NO_COMMON_BLOCKS = YES;
				GCC_WARN_64_TO_32_BIT_CONVERSION = YES;
				GCC_WARN_ABOUT_RETURN_TYPE = YES_ERROR;
				GCC_WARN_UNDECLARED_SELECTOR = YES;
				GCC_WARN_UNINITIALIZED_AUTOS = YES_AGGRESSIVE;
				GCC_WARN_UNUSED_FUNCTION = YES;
				GCC_WARN_UNUSED_VARIABLE = YES;
				IPHONEOS_DEPLOYMENT_TARGET = 15.2;
				MTL_ENABLE_DEBUG_INFO = NO;
				MTL_FAST_MATH = YES;
				SDKROOT = iphoneos;
				SWIFT_COMPILATION_MODE = wholemodule;
				SWIFT_OPTIMIZATION_LEVEL = "-O";
				VALIDATE_PRODUCT = YES;
			};
			name = Release;
		};
		18C1AA3B29540892001C86BC /* Debug */ = {
			isa = XCBuildConfiguration;
			buildSettings = {
				ASSETCATALOG_COMPILER_APPICON_NAME = AppIcon;
				ASSETCATALOG_COMPILER_GLOBAL_ACCENT_COLOR_NAME = AccentColor;
				CODE_SIGN_ENTITLEMENTS = HotNew24h/HotNew24hDebug.entitlements;
				CODE_SIGN_STYLE = Manual;
				CURRENT_PROJECT_VERSION = 1;
				DEVELOPMENT_TEAM = "";
				GENERATE_INFOPLIST_FILE = YES;
				INFOPLIST_FILE = HotNew24h/Info.plist;
				INFOPLIST_KEY_UIApplicationSupportsIndirectInputEvents = YES;
				INFOPLIST_KEY_UILaunchStoryboardName = LaunchScreen;
				INFOPLIST_KEY_UIMainStoryboardFile = Main;
				INFOPLIST_KEY_UISupportedInterfaceOrientations_iPad = "UIInterfaceOrientationPortrait UIInterfaceOrientationPortraitUpsideDown UIInterfaceOrientationLandscapeLeft UIInterfaceOrientationLandscapeRight";
				INFOPLIST_KEY_UISupportedInterfaceOrientations_iPhone = "UIInterfaceOrientationPortrait UIInterfaceOrientationLandscapeLeft UIInterfaceOrientationLandscapeRight";
				LD_RUNPATH_SEARCH_PATHS = (
					"$(inherited)",
					"@executable_path/Frameworks",
				);
				MARKETING_VERSION = 1.0;
				PRODUCT_BUNDLE_IDENTIFIER = thanducc.HotNew24h;
				PRODUCT_NAME = "$(TARGET_NAME)";
				PROVISIONING_PROFILE_SPECIFIER = "";
				SWIFT_EMIT_LOC_STRINGS = YES;
				SWIFT_VERSION = 5.0;
				TARGETED_DEVICE_FAMILY = "1,2";
			};
			name = Debug;
		};
		18C1AA3C29540892001C86BC /* Release */ = {
			isa = XCBuildConfiguration;
			buildSettings = {
				ASSETCATALOG_COMPILER_APPICON_NAME = AppIcon;
				ASSETCATALOG_COMPILER_GLOBAL_ACCENT_COLOR_NAME = AccentColor;
				CODE_SIGN_ENTITLEMENTS = HotNew24h/HotNew24h.entitlements;
				CODE_SIGN_STYLE = Manual;
				CURRENT_PROJECT_VERSION = 1;
				DEVELOPMENT_TEAM = "";
				GENERATE_INFOPLIST_FILE = YES;
				INFOPLIST_FILE = HotNew24h/Info.plist;
				INFOPLIST_KEY_UIApplicationSupportsIndirectInputEvents = YES;
				INFOPLIST_KEY_UILaunchStoryboardName = LaunchScreen;
				INFOPLIST_KEY_UIMainStoryboardFile = Main;
				INFOPLIST_KEY_UISupportedInterfaceOrientations_iPad = "UIInterfaceOrientationPortrait UIInterfaceOrientationPortraitUpsideDown UIInterfaceOrientationLandscapeLeft UIInterfaceOrientationLandscapeRight";
				INFOPLIST_KEY_UISupportedInterfaceOrientations_iPhone = "UIInterfaceOrientationPortrait UIInterfaceOrientationLandscapeLeft UIInterfaceOrientationLandscapeRight";
				LD_RUNPATH_SEARCH_PATHS = (
					"$(inherited)",
					"@executable_path/Frameworks",
				);
				MARKETING_VERSION = 1.0;
				PRODUCT_BUNDLE_IDENTIFIER = thanducc.HotNew24h;
				PRODUCT_NAME = "$(TARGET_NAME)";
				PROVISIONING_PROFILE_SPECIFIER = "";
				SWIFT_EMIT_LOC_STRINGS = YES;
				SWIFT_VERSION = 5.0;
				TARGETED_DEVICE_FAMILY = "1,2";
			};
			name = Release;
		};
/* End XCBuildConfiguration section */

/* Begin XCConfigurationList section */
		18C1AA212954088F001C86BC /* Build configuration list for PBXProject "HotNew24h" */ = {
			isa = XCConfigurationList;
			buildConfigurations = (
				18C1AA3829540892001C86BC /* Debug */,
				18C1AA3929540892001C86BC /* Release */,
			);
			defaultConfigurationIsVisible = 0;
			defaultConfigurationName = Release;
		};
		18C1AA3A29540892001C86BC /* Build configuration list for PBXNativeTarget "HotNew24h" */ = {
			isa = XCConfigurationList;
			buildConfigurations = (
				18C1AA3B29540892001C86BC /* Debug */,
				18C1AA3C29540892001C86BC /* Release */,
			);
			defaultConfigurationIsVisible = 0;
			defaultConfigurationName = Release;
		};
/* End XCConfigurationList section */

/* Begin XCRemoteSwiftPackageReference section */
		18222AD72989052700F4DE87 /* XCRemoteSwiftPackageReference "GoogleSignIn-iOS" */ = {
			isa = XCRemoteSwiftPackageReference;
			repositoryURL = "https://github.com/google/GoogleSignIn-iOS";
			requirement = {
				kind = upToNextMajorVersion;
				minimumVersion = 7.0.0;
			};
		};
		1832650829767E2D00815E42 /* XCRemoteSwiftPackageReference "facebook-ios-sdk" */ = {
			isa = XCRemoteSwiftPackageReference;
			repositoryURL = "https://github.com/facebook/facebook-ios-sdk";
			requirement = {
				kind = upToNextMajorVersion;
				minimumVersion = 9.0.0;
			};
		};
		183D23772964357A001583E5 /* XCRemoteSwiftPackageReference "fmdb" */ = {
			isa = XCRemoteSwiftPackageReference;
			repositoryURL = "https://github.com/ccgus/fmdb";
			requirement = {
				kind = upToNextMajorVersion;
				minimumVersion = 2.0.0;
			};
		};
		184A197E29597CD5006201FD /* XCRemoteSwiftPackageReference "firebase-ios-sdk" */ = {
			isa = XCRemoteSwiftPackageReference;
			repositoryURL = "https://github.com/firebase/firebase-ios-sdk.git";
			requirement = {
				kind = upToNextMajorVersion;
				minimumVersion = 9.0.0;
			};
		};
/* End XCRemoteSwiftPackageReference section */

/* Begin XCSwiftPackageProductDependency section */
		18222AD82989052700F4DE87 /* GoogleSignIn */ = {
			isa = XCSwiftPackageProductDependency;
			package = 18222AD72989052700F4DE87 /* XCRemoteSwiftPackageReference "GoogleSignIn-iOS" */;
			productName = GoogleSignIn;
		};
		1832650929767E2E00815E42 /* FacebookLogin */ = {
			isa = XCSwiftPackageProductDependency;
			package = 1832650829767E2D00815E42 /* XCRemoteSwiftPackageReference "facebook-ios-sdk" */;
			productName = FacebookLogin;
		};
		183D23782964357B001583E5 /* FMDB */ = {
			isa = XCSwiftPackageProductDependency;
			package = 183D23772964357A001583E5 /* XCRemoteSwiftPackageReference "fmdb" */;
			productName = FMDB;
		};
		184A198629598893006201FD /* FirebaseAuth */ = {
			isa = XCSwiftPackageProductDependency;
			package = 184A197E29597CD5006201FD /* XCRemoteSwiftPackageReference "firebase-ios-sdk" */;
			productName = FirebaseAuth;
		};
/* End XCSwiftPackageProductDependency section */
	};
	rootObject = 18C1AA1E2954088F001C86BC /* Project object */;
}
